dependencies:
- name: postgresql
  repository: https://charts.bitnami.com/bitnami
  version: 15.5.26
- name: redis
  repository: https://charts.bitnami.com/bitnami
  version: 20.0.3
digest: sha256:e4c4147a953f420a2f496040595b5950e35ccd0b6ea53187b161ff0b0d58a0dc
generated: "2024-08-27T22:16:47.078007725Z"
